{
  "requires": true,
  "lockfileVersion": 1,
  "dependencies": {
    "react-native-chooser": {
      "version": "1.7.0",
      "resolved": "https://registry.npmjs.org/react-native-chooser/-/react-native-chooser-1.7.0.tgz",
      "integrity": "sha512-mV9VgdnfiZNSGbz0YPClZewNzM+vjTLx45+kzu086OadvB+FDsxQaAOKmW1CXPZzIW1o2tEQv8Psdnl/ICBtgg=="
    }
  }
}
