// !$*UTF8*$!
{
	archiveVersion = 1;
	classes = {
	};
	objectVersion = 50;
	objects = {

/* Begin PBXBuildFile section */
		1F49E95B2083CDD5009A6D02 /* AppDelegate.swift in Sources */ = {isa = PBXBuildFile; fileRef = 1F49E95A2083CDD5009A6D02 /* AppDelegate.swift */; };
		1F49E9602083CDD5009A6D02 /* Main.storyboard in Resources */ = {isa = PBXBuildFile; fileRef = 1F49E95E2083CDD5009A6D02 /* Main.storyboard */; };
		1F49E9622083CDD6009A6D02 /* Assets.xcassets in Resources */ = {isa = PBXBuildFile; fileRef = 1F49E9612083CDD6009A6D02 /* Assets.xcassets */; };
		1F49E9652083CDD6009A6D02 /* LaunchScreen.storyboard in Resources */ = {isa = PBXBuildFile; fileRef = 1F49E9632083CDD6009A6D02 /* LaunchScreen.storyboard */; };
		1F49E9702083CDD6009A6D02 /* StudyBuddyTests.swift in Sources */ = {isa = PBXBuildFile; fileRef = 1F49E96F2083CDD6009A6D02 /* StudyBuddyTests.swift */; };
		1F49E97B2083CDD6009A6D02 /* StudyBuddyUITests.swift in Sources */ = {isa = PBXBuildFile; fileRef = 1F49E97A2083CDD6009A6D02 /* StudyBuddyUITests.swift */; };
		1F7B26182085A09F0074417B /* CreateGroupSecondVCTableViewController.swift in Sources */ = {isa = PBXBuildFile; fileRef = 1F7B26172085A09F0074417B /* CreateGroupSecondVCTableViewController.swift */; };
		1F8C32232085210100B85024 /* Network.swift in Sources */ = {isa = PBXBuildFile; fileRef = 1F8C32222085210100B85024 /* Network.swift */; };
		1F8C32252085758300B85024 /* ClassSelectionTableViewCell.swift in Sources */ = {isa = PBXBuildFile; fileRef = 1F8C32242085758300B85024 /* ClassSelectionTableViewCell.swift */; };
		1F8C3227208575A100B85024 /* DurationSelectionTableViewCell.swift in Sources */ = {isa = PBXBuildFile; fileRef = 1F8C3226208575A100B85024 /* DurationSelectionTableViewCell.swift */; };
		1F8C3229208575B900B85024 /* CategorySelectionTableViewCell.swift in Sources */ = {isa = PBXBuildFile; fileRef = 1F8C3228208575B900B85024 /* CategorySelectionTableViewCell.swift */; };
		1F8C322B208575D400B85024 /* StudyDescriptionTableViewCell.swift in Sources */ = {isa = PBXBuildFile; fileRef = 1F8C322A208575D400B85024 /* StudyDescriptionTableViewCell.swift */; };
		1F8C322D208575EB00B85024 /* MapSelectionTableViewCell.swift in Sources */ = {isa = PBXBuildFile; fileRef = 1F8C322C208575EB00B85024 /* MapSelectionTableViewCell.swift */; };
		1F8C322F2085760A00B85024 /* LocationDescriptionTableViewCell.swift in Sources */ = {isa = PBXBuildFile; fileRef = 1F8C322E2085760A00B85024 /* LocationDescriptionTableViewCell.swift */; };
		1F8C3231208577CF00B85024 /* ChangeNameViewController.swift in Sources */ = {isa = PBXBuildFile; fileRef = 1F8C3230208577CF00B85024 /* ChangeNameViewController.swift */; };
		1F97E1572085A95600E569B7 /* CreateGroupThirdVCTableViewController.swift in Sources */ = {isa = PBXBuildFile; fileRef = 1F97E1562085A95600E569B7 /* CreateGroupThirdVCTableViewController.swift */; };
		1F97E15E2085B5F400E569B7 /* group.jpg in Resources */ = {isa = PBXBuildFile; fileRef = 1F97E1592085B5F300E569B7 /* group.jpg */; };
		1F97E15F2085B5F400E569B7 /* settings.png in Resources */ = {isa = PBXBuildFile; fileRef = 1F97E15A2085B5F300E569B7 /* settings.png */; };
		1F97E1602085B5F400E569B7 /* group.png in Resources */ = {isa = PBXBuildFile; fileRef = 1F97E15B2085B5F300E569B7 /* group.png */; };
		1F97E1612085B5F400E569B7 /* map.png in Resources */ = {isa = PBXBuildFile; fileRef = 1F97E15C2085B5F300E569B7 /* map.png */; };
		1F97E1622085B5F400E569B7 /* classes.png in Resources */ = {isa = PBXBuildFile; fileRef = 1F97E15D2085B5F300E569B7 /* classes.png */; };
		1FA97F0420843E330000487A /* ViewController.swift in Sources */ = {isa = PBXBuildFile; fileRef = 1FA97EFD20843E330000487A /* ViewController.swift */; };
		1FA97F0520843E330000487A /* MapViewController.swift in Sources */ = {isa = PBXBuildFile; fileRef = 1FA97EFE20843E330000487A /* MapViewController.swift */; };
		1FA97F0620843E330000487A /* CreateUserViewController.swift in Sources */ = {isa = PBXBuildFile; fileRef = 1FA97EFF20843E330000487A /* CreateUserViewController.swift */; };
		1FA97F0720843E330000487A /* LoginViewController.swift in Sources */ = {isa = PBXBuildFile; fileRef = 1FA97F0020843E330000487A /* LoginViewController.swift */; };
		1FA97F0820843E330000487A /* ClassListViewController.swift in Sources */ = {isa = PBXBuildFile; fileRef = 1FA97F0120843E330000487A /* ClassListViewController.swift */; };
		1FA97F0920843E330000487A /* GroupPageViewController.swift in Sources */ = {isa = PBXBuildFile; fileRef = 1FA97F0220843E330000487A /* GroupPageViewController.swift */; };
		1FA97F0A20843E330000487A /* SettingsViewController.swift in Sources */ = {isa = PBXBuildFile; fileRef = 1FA97F0320843E330000487A /* SettingsViewController.swift */; };
		1FA97F0C20843E470000487A /* GroupViewController.swift in Sources */ = {isa = PBXBuildFile; fileRef = 1FA97F0B20843E470000487A /* GroupViewController.swift */; };
		1FA97F0E20843E4F0000487A /* CreateGroupFirstViewController.swift in Sources */ = {isa = PBXBuildFile; fileRef = 1FA97F0D20843E4F0000487A /* CreateGroupFirstViewController.swift */; };
		1FA97F1020843E580000487A /* CreateGroupSecondViewController.swift in Sources */ = {isa = PBXBuildFile; fileRef = 1FA97F0F20843E580000487A /* CreateGroupSecondViewController.swift */; };
		1FA97F1220843E750000487A /* PasswordResetViewController.swift in Sources */ = {isa = PBXBuildFile; fileRef = 1FA97F1120843E750000487A /* PasswordResetViewController.swift */; };
		1FA97F1420843E890000487A /* ClassDetailViewController.swift in Sources */ = {isa = PBXBuildFile; fileRef = 1FA97F1320843E890000487A /* ClassDetailViewController.swift */; };
		1FA97F1620843F480000487A /* CreateGroupThirdViewController.swift in Sources */ = {isa = PBXBuildFile; fileRef = 1FA97F1520843F480000487A /* CreateGroupThirdViewController.swift */; };
		1FA97F1B20847DF90000487A /* ClassTableViewCell.swift in Sources */ = {isa = PBXBuildFile; fileRef = 1FA97F1A20847DF90000487A /* ClassTableViewCell.swift */; };
		1FA97F1D20847E550000487A /* group.png in Resources */ = {isa = PBXBuildFile; fileRef = 1FA97F1C20847E540000487A /* group.png */; };
		1FA97F1F208491AD0000487A /* InitialViewController.swift in Sources */ = {isa = PBXBuildFile; fileRef = 1FA97F1E208491AD0000487A /* InitialViewController.swift */; };
		1FA97F2120849A3D0000487A /* ClassSearchTableViewController.swift in Sources */ = {isa = PBXBuildFile; fileRef = 1FA97F2020849A3D0000487A /* ClassSearchTableViewController.swift */; };
		1FCA94C72084029700463B8C /* launchscreen.png in Resources */ = {isa = PBXBuildFile; fileRef = 1FCA94C62084029600463B8C /* launchscreen.png */; };
		1FCA94CB2084129C00463B8C /* Network.m in Sources */ = {isa = PBXBuildFile; fileRef = 1FCA94C92084129C00463B8C /* Network.m */; };
		1FCA94D22084176300463B8C /* AFNetworking.framework in Frameworks */ = {isa = PBXBuildFile; fileRef = 1FCA94D12084176300463B8C /* AFNetworking.framework */; };
		1FCA94D82084291E00463B8C /* Data.swift in Sources */ = {isa = PBXBuildFile; fileRef = 1FCA94D72084291E00463B8C /* Data.swift */; };
		1FCA94E7208439B700463B8C /* School.swift in Sources */ = {isa = PBXBuildFile; fileRef = 1FCA94E3208439B700463B8C /* School.swift */; };
		1FCA94E8208439B700463B8C /* User.swift in Sources */ = {isa = PBXBuildFile; fileRef = 1FCA94E4208439B700463B8C /* User.swift */; };
		1FCA94E9208439B700463B8C /* Course.swift in Sources */ = {isa = PBXBuildFile; fileRef = 1FCA94E5208439B700463B8C /* Course.swift */; };
		1FCA94EA208439B700463B8C /* Group.swift in Sources */ = {isa = PBXBuildFile; fileRef = 1FCA94E6208439B700463B8C /* Group.swift */; };
		7EC63D76298641DC106B09FB /* Pods_StudyBuddy.framework in Frameworks */ = {isa = PBXBuildFile; fileRef = 5C9502936E9F8B5C86575ABC /* Pods_StudyBuddy.framework */; };
/* End PBXBuildFile section */

/* Begin PBXContainerItemProxy section */
		1F49E96C2083CDD6009A6D02 /* PBXContainerItemProxy */ = {
			isa = PBXContainerItemProxy;
			containerPortal = 1F49E94F2083CDD5009A6D02 /* Project object */;
			proxyType = 1;
			remoteGlobalIDString = 1F49E9562083CDD5009A6D02;
			remoteInfo = StudyBuddy;
		};
		1F49E9772083CDD6009A6D02 /* PBXContainerItemProxy */ = {
			isa = PBXContainerItemProxy;
			containerPortal = 1F49E94F2083CDD5009A6D02 /* Project object */;
			proxyType = 1;
			remoteGlobalIDString = 1F49E9562083CDD5009A6D02;
			remoteInfo = StudyBuddy;
		};
/* End PBXContainerItemProxy section */

/* Begin PBXFileReference section */
		1F49E9572083CDD5009A6D02 /* StudyBuddy.app */ = {isa = PBXFileReference; explicitFileType = wrapper.application; includeInIndex = 0; path = StudyBuddy.app; sourceTree = BUILT_PRODUCTS_DIR; };
		1F49E95A2083CDD5009A6D02 /* AppDelegate.swift */ = {isa = PBXFileReference; lastKnownFileType = sourcecode.swift; path = AppDelegate.swift; sourceTree = "<group>"; };
		1F49E95F2083CDD5009A6D02 /* Base */ = {isa = PBXFileReference; lastKnownFileType = file.storyboard; name = Base; path = Base.lproj/Main.storyboard; sourceTree = "<group>"; };
		1F49E9612083CDD6009A6D02 /* Assets.xcassets */ = {isa = PBXFileReference; lastKnownFileType = folder.assetcatalog; path = Assets.xcassets; sourceTree = "<group>"; };
		1F49E9642083CDD6009A6D02 /* Base */ = {isa = PBXFileReference; lastKnownFileType = file.storyboard; name = Base; path = Base.lproj/LaunchScreen.storyboard; sourceTree = "<group>"; };
		1F49E9662083CDD6009A6D02 /* Info.plist */ = {isa = PBXFileReference; lastKnownFileType = text.plist.xml; path = Info.plist; sourceTree = "<group>"; };
		1F49E96B2083CDD6009A6D02 /* StudyBuddyTests.xctest */ = {isa = PBXFileReference; explicitFileType = wrapper.cfbundle; includeInIndex = 0; path = StudyBuddyTests.xctest; sourceTree = BUILT_PRODUCTS_DIR; };
		1F49E96F2083CDD6009A6D02 /* StudyBuddyTests.swift */ = {isa = PBXFileReference; lastKnownFileType = sourcecode.swift; path = StudyBuddyTests.swift; sourceTree = "<group>"; };
		1F49E9712083CDD6009A6D02 /* Info.plist */ = {isa = PBXFileReference; lastKnownFileType = text.plist.xml; path = Info.plist; sourceTree = "<group>"; };
		1F49E9762083CDD6009A6D02 /* StudyBuddyUITests.xctest */ = {isa = PBXFileReference; explicitFileType = wrapper.cfbundle; includeInIndex = 0; path = StudyBuddyUITests.xctest; sourceTree = BUILT_PRODUCTS_DIR; };
		1F49E97A2083CDD6009A6D02 /* StudyBuddyUITests.swift */ = {isa = PBXFileReference; lastKnownFileType = sourcecode.swift; path = StudyBuddyUITests.swift; sourceTree = "<group>"; };
		1F49E97C2083CDD6009A6D02 /* Info.plist */ = {isa = PBXFileReference; lastKnownFileType = text.plist.xml; path = Info.plist; sourceTree = "<group>"; };
		1F7B26172085A09F0074417B /* CreateGroupSecondVCTableViewController.swift */ = {isa = PBXFileReference; lastKnownFileType = sourcecode.swift; path = CreateGroupSecondVCTableViewController.swift; sourceTree = "<group>"; };
		1F8C32222085210100B85024 /* Network.swift */ = {isa = PBXFileReference; lastKnownFileType = sourcecode.swift; path = Network.swift; sourceTree = "<group>"; };
		1F8C32242085758300B85024 /* ClassSelectionTableViewCell.swift */ = {isa = PBXFileReference; lastKnownFileType = sourcecode.swift; path = ClassSelectionTableViewCell.swift; sourceTree = "<group>"; };
		1F8C3226208575A100B85024 /* DurationSelectionTableViewCell.swift */ = {isa = PBXFileReference; lastKnownFileType = sourcecode.swift; path = DurationSelectionTableViewCell.swift; sourceTree = "<group>"; };
		1F8C3228208575B900B85024 /* CategorySelectionTableViewCell.swift */ = {isa = PBXFileReference; lastKnownFileType = sourcecode.swift; path = CategorySelectionTableViewCell.swift; sourceTree = "<group>"; };
		1F8C322A208575D400B85024 /* StudyDescriptionTableViewCell.swift */ = {isa = PBXFileReference; lastKnownFileType = sourcecode.swift; path = StudyDescriptionTableViewCell.swift; sourceTree = "<group>"; };
		1F8C322C208575EB00B85024 /* MapSelectionTableViewCell.swift */ = {isa = PBXFileReference; lastKnownFileType = sourcecode.swift; path = MapSelectionTableViewCell.swift; sourceTree = "<group>"; };
		1F8C322E2085760A00B85024 /* LocationDescriptionTableViewCell.swift */ = {isa = PBXFileReference; lastKnownFileType = sourcecode.swift; path = LocationDescriptionTableViewCell.swift; sourceTree = "<group>"; };
		1F8C3230208577CF00B85024 /* ChangeNameViewController.swift */ = {isa = PBXFileReference; lastKnownFileType = sourcecode.swift; path = ChangeNameViewController.swift; sourceTree = "<group>"; };
		1F97E1562085A95600E569B7 /* CreateGroupThirdVCTableViewController.swift */ = {isa = PBXFileReference; lastKnownFileType = sourcecode.swift; path = CreateGroupThirdVCTableViewController.swift; sourceTree = "<group>"; };
		1F97E1592085B5F300E569B7 /* group.jpg */ = {isa = PBXFileReference; lastKnownFileType = image.jpeg; path = group.jpg; sourceTree = "<group>"; };
		1F97E15A2085B5F300E569B7 /* settings.png */ = {isa = PBXFileReference; lastKnownFileType = image.png; path = settings.png; sourceTree = "<group>"; };
		1F97E15B2085B5F300E569B7 /* group.png */ = {isa = PBXFileReference; lastKnownFileType = image.png; path = group.png; sourceTree = "<group>"; };
		1F97E15C2085B5F300E569B7 /* map.png */ = {isa = PBXFileReference; lastKnownFileType = image.png; path = map.png; sourceTree = "<group>"; };
		1F97E15D2085B5F300E569B7 /* classes.png */ = {isa = PBXFileReference; lastKnownFileType = image.png; path = classes.png; sourceTree = "<group>"; };
		1FA97EFD20843E330000487A /* ViewController.swift */ = {isa = PBXFileReference; fileEncoding = 4; lastKnownFileType = sourcecode.swift; path = ViewController.swift; sourceTree = "<group>"; };
		1FA97EFE20843E330000487A /* MapViewController.swift */ = {isa = PBXFileReference; fileEncoding = 4; lastKnownFileType = sourcecode.swift; path = MapViewController.swift; sourceTree = "<group>"; };
		1FA97EFF20843E330000487A /* CreateUserViewController.swift */ = {isa = PBXFileReference; fileEncoding = 4; lastKnownFileType = sourcecode.swift; path = CreateUserViewController.swift; sourceTree = "<group>"; };
		1FA97F0020843E330000487A /* LoginViewController.swift */ = {isa = PBXFileReference; fileEncoding = 4; lastKnownFileType = sourcecode.swift; path = LoginViewController.swift; sourceTree = "<group>"; };
		1FA97F0120843E330000487A /* ClassListViewController.swift */ = {isa = PBXFileReference; fileEncoding = 4; lastKnownFileType = sourcecode.swift; path = ClassListViewController.swift; sourceTree = "<group>"; };
		1FA97F0220843E330000487A /* GroupPageViewController.swift */ = {isa = PBXFileReference; fileEncoding = 4; lastKnownFileType = sourcecode.swift; path = GroupPageViewController.swift; sourceTree = "<group>"; };
		1FA97F0320843E330000487A /* SettingsViewController.swift */ = {isa = PBXFileReference; fileEncoding = 4; lastKnownFileType = sourcecode.swift; path = SettingsViewController.swift; sourceTree = "<group>"; };
		1FA97F0B20843E470000487A /* GroupViewController.swift */ = {isa = PBXFileReference; lastKnownFileType = sourcecode.swift; path = GroupViewController.swift; sourceTree = "<group>"; };
		1FA97F0D20843E4F0000487A /* CreateGroupFirstViewController.swift */ = {isa = PBXFileReference; lastKnownFileType = sourcecode.swift; path = CreateGroupFirstViewController.swift; sourceTree = "<group>"; };
		1FA97F0F20843E580000487A /* CreateGroupSecondViewController.swift */ = {isa = PBXFileReference; lastKnownFileType = sourcecode.swift; path = CreateGroupSecondViewController.swift; sourceTree = "<group>"; };
		1FA97F1120843E750000487A /* PasswordResetViewController.swift */ = {isa = PBXFileReference; lastKnownFileType = sourcecode.swift; path = PasswordResetViewController.swift; sourceTree = "<group>"; };
		1FA97F1320843E890000487A /* ClassDetailViewController.swift */ = {isa = PBXFileReference; lastKnownFileType = sourcecode.swift; path = ClassDetailViewController.swift; sourceTree = "<group>"; };
		1FA97F1520843F480000487A /* CreateGroupThirdViewController.swift */ = {isa = PBXFileReference; lastKnownFileType = sourcecode.swift; path = CreateGroupThirdViewController.swift; sourceTree = "<group>"; };
		1FA97F1A20847DF90000487A /* ClassTableViewCell.swift */ = {isa = PBXFileReference; lastKnownFileType = sourcecode.swift; path = ClassTableViewCell.swift; sourceTree = "<group>"; };
		1FA97F1C20847E540000487A /* group.png */ = {isa = PBXFileReference; lastKnownFileType = image.png; path = group.png; sourceTree = "<group>"; };
		1FA97F1E208491AD0000487A /* InitialViewController.swift */ = {isa = PBXFileReference; lastKnownFileType = sourcecode.swift; path = InitialViewController.swift; sourceTree = "<group>"; };
		1FA97F2020849A3D0000487A /* ClassSearchTableViewController.swift */ = {isa = PBXFileReference; lastKnownFileType = sourcecode.swift; path = ClassSearchTableViewController.swift; sourceTree = "<group>"; };
		1FCA94C62084029600463B8C /* launchscreen.png */ = {isa = PBXFileReference; lastKnownFileType = image.png; path = launchscreen.png; sourceTree = "<group>"; };
		1FCA94C92084129C00463B8C /* Network.m */ = {isa = PBXFileReference; fileEncoding = 4; lastKnownFileType = sourcecode.c.objc; path = Network.m; sourceTree = "<group>"; };
		1FCA94CA2084129C00463B8C /* Network.h */ = {isa = PBXFileReference; fileEncoding = 4; lastKnownFileType = sourcecode.c.h; path = Network.h; sourceTree = "<group>"; };
		1FCA94CE2084154D00463B8C /* StudyBuddy-Bridging-Header.h */ = {isa = PBXFileReference; lastKnownFileType = sourcecode.c.h; path = "StudyBuddy-Bridging-Header.h"; sourceTree = "<group>"; };
		1FCA94D12084176300463B8C /* AFNetworking.framework */ = {isa = PBXFileReference; explicitFileType = wrapper.framework; path = AFNetworking.framework; sourceTree = BUILT_PRODUCTS_DIR; };
		1FCA94D72084291E00463B8C /* Data.swift */ = {isa = PBXFileReference; lastKnownFileType = sourcecode.swift; path = Data.swift; sourceTree = "<group>"; };
		1FCA94E3208439B700463B8C /* School.swift */ = {isa = PBXFileReference; fileEncoding = 4; lastKnownFileType = sourcecode.swift; path = School.swift; sourceTree = "<group>"; };
		1FCA94E4208439B700463B8C /* User.swift */ = {isa = PBXFileReference; fileEncoding = 4; lastKnownFileType = sourcecode.swift; path = User.swift; sourceTree = "<group>"; };
		1FCA94E5208439B700463B8C /* Course.swift */ = {isa = PBXFileReference; fileEncoding = 4; lastKnownFileType = sourcecode.swift; path = Course.swift; sourceTree = "<group>"; };
		1FCA94E6208439B700463B8C /* Group.swift */ = {isa = PBXFileReference; fileEncoding = 4; lastKnownFileType = sourcecode.swift; path = Group.swift; sourceTree = "<group>"; };
		21325D39BA74263C0F160C0A /* Pods-StudyBuddy.release.xcconfig */ = {isa = PBXFileReference; includeInIndex = 1; lastKnownFileType = text.xcconfig; name = "Pods-StudyBuddy.release.xcconfig"; path = "Pods/Target Support Files/Pods-StudyBuddy/Pods-StudyBuddy.release.xcconfig"; sourceTree = "<group>"; };
		348A2285918B896F5CB94486 /* Pods-StudyBuddy.debug.xcconfig */ = {isa = PBXFileReference; includeInIndex = 1; lastKnownFileType = text.xcconfig; name = "Pods-StudyBuddy.debug.xcconfig"; path = "Pods/Target Support Files/Pods-StudyBuddy/Pods-StudyBuddy.debug.xcconfig"; sourceTree = "<group>"; };
		5C9502936E9F8B5C86575ABC /* Pods_StudyBuddy.framework */ = {isa = PBXFileReference; explicitFileType = wrapper.framework; includeInIndex = 0; path = Pods_StudyBuddy.framework; sourceTree = BUILT_PRODUCTS_DIR; };
/* End PBXFileReference section */

/* Begin PBXFrameworksBuildPhase section */
		1F49E9542083CDD5009A6D02 /* Frameworks */ = {
			isa = PBXFrameworksBuildPhase;
			buildActionMask = 2147483647;
			files = (
				1FCA94D22084176300463B8C /* AFNetworking.framework in Frameworks */,
				7EC63D76298641DC106B09FB /* Pods_StudyBuddy.framework in Frameworks */,
			);
			runOnlyForDeploymentPostprocessing = 0;
		};
		1F49E9682083CDD6009A6D02 /* Frameworks */ = {
			isa = PBXFrameworksBuildPhase;
			buildActionMask = 2147483647;
			files = (
			);
			runOnlyForDeploymentPostprocessing = 0;
		};
		1F49E9732083CDD6009A6D02 /* Frameworks */ = {
			isa = PBXFrameworksBuildPhase;
			buildActionMask = 2147483647;
			files = (
			);
			runOnlyForDeploymentPostprocessing = 0;
		};
/* End PBXFrameworksBuildPhase section */

/* Begin PBXGroup section */
		1F49E94E2083CDD5009A6D02 = {
			isa = PBXGroup;
			children = (
				1F49E9592083CDD5009A6D02 /* StudyBuddy */,
				1F49E96E2083CDD6009A6D02 /* StudyBuddyTests */,
				1F49E9792083CDD6009A6D02 /* StudyBuddyUITests */,
				1F49E9582083CDD5009A6D02 /* Products */,
				9487DFDC42ED8E0587DC93A3 /* Pods */,
				5D08835BC6117E3EE4954D3C /* Frameworks */,
			);
			sourceTree = "<group>";
		};
		1F49E9582083CDD5009A6D02 /* Products */ = {
			isa = PBXGroup;
			children = (
				1F49E9572083CDD5009A6D02 /* StudyBuddy.app */,
				1F49E96B2083CDD6009A6D02 /* StudyBuddyTests.xctest */,
				1F49E9762083CDD6009A6D02 /* StudyBuddyUITests.xctest */,
			);
			name = Products;
			sourceTree = "<group>";
		};
		1F49E9592083CDD5009A6D02 /* StudyBuddy */ = {
			isa = PBXGroup;
			children = (
				1FA97F1920847BC90000487A /* Cells */,
				1FA97EFC20843E330000487A /* View Controllers */,
				1FCA94E2208439B700463B8C /* Models */,
				1FCA94D32084283100463B8C /* Data */,
				1FCA94C82084129C00463B8C /* IO */,
				1F49E95A2083CDD5009A6D02 /* AppDelegate.swift */,
				1F49E95E2083CDD5009A6D02 /* Main.storyboard */,
				1F49E9612083CDD6009A6D02 /* Assets.xcassets */,
				1F49E9632083CDD6009A6D02 /* LaunchScreen.storyboard */,
				1FCA94C52084029600463B8C /* Images */,
				1F49E9662083CDD6009A6D02 /* Info.plist */,
				1FCA94CE2084154D00463B8C /* StudyBuddy-Bridging-Header.h */,
			);
			path = StudyBuddy;
			sourceTree = "<group>";
		};
		1F49E96E2083CDD6009A6D02 /* StudyBuddyTests */ = {
			isa = PBXGroup;
			children = (
				1F49E96F2083CDD6009A6D02 /* StudyBuddyTests.swift */,
				1F49E9712083CDD6009A6D02 /* Info.plist */,
			);
			path = StudyBuddyTests;
			sourceTree = "<group>";
		};
		1F49E9792083CDD6009A6D02 /* StudyBuddyUITests */ = {
			isa = PBXGroup;
			children = (
				1F49E97A2083CDD6009A6D02 /* StudyBuddyUITests.swift */,
				1F49E97C2083CDD6009A6D02 /* Info.plist */,
			);
			path = StudyBuddyUITests;
			sourceTree = "<group>";
		};
		1F97E1582085B5F300E569B7 /* tab-icons */ = {
			isa = PBXGroup;
			children = (
				1F97E1592085B5F300E569B7 /* group.jpg */,
				1F97E15A2085B5F300E569B7 /* settings.png */,
				1F97E15B2085B5F300E569B7 /* group.png */,
				1F97E15C2085B5F300E569B7 /* map.png */,
				1F97E15D2085B5F300E569B7 /* classes.png */,
			);
			path = "tab-icons";
			sourceTree = "<group>";
		};
		1FA97EFC20843E330000487A /* View Controllers */ = {
			isa = PBXGroup;
			children = (
				1FA97EFD20843E330000487A /* ViewController.swift */,
				1FA97EFE20843E330000487A /* MapViewController.swift */,
				1FA97EFF20843E330000487A /* CreateUserViewController.swift */,
				1FA97F0020843E330000487A /* LoginViewController.swift */,
				1FA97F0120843E330000487A /* ClassListViewController.swift */,
				1FA97F0220843E330000487A /* GroupPageViewController.swift */,
				1FA97F0320843E330000487A /* SettingsViewController.swift */,
				1FA97F0B20843E470000487A /* GroupViewController.swift */,
				1FA97F0D20843E4F0000487A /* CreateGroupFirstViewController.swift */,
				1FA97F0F20843E580000487A /* CreateGroupSecondViewController.swift */,
				1FA97F1120843E750000487A /* PasswordResetViewController.swift */,
				1FA97F1320843E890000487A /* ClassDetailViewController.swift */,
				1FA97F1520843F480000487A /* CreateGroupThirdViewController.swift */,
				1FA97F1E208491AD0000487A /* InitialViewController.swift */,
				1FA97F2020849A3D0000487A /* ClassSearchTableViewController.swift */,
				1F8C3230208577CF00B85024 /* ChangeNameViewController.swift */,
				1F7B26172085A09F0074417B /* CreateGroupSecondVCTableViewController.swift */,
				1F97E1562085A95600E569B7 /* CreateGroupThirdVCTableViewController.swift */,
			);
			path = "View Controllers";
			sourceTree = "<group>";
		};
		1FA97F1920847BC90000487A /* Cells */ = {
			isa = PBXGroup;
			children = (
				1FA97F1A20847DF90000487A /* ClassTableViewCell.swift */,
				1F8C32242085758300B85024 /* ClassSelectionTableViewCell.swift */,
				1F8C3226208575A100B85024 /* DurationSelectionTableViewCell.swift */,
				1F8C322E2085760A00B85024 /* LocationDescriptionTableViewCell.swift */,
				1F8C322C208575EB00B85024 /* MapSelectionTableViewCell.swift */,
				1F8C322A208575D400B85024 /* StudyDescriptionTableViewCell.swift */,
				1F8C3228208575B900B85024 /* CategorySelectionTableViewCell.swift */,
			);
			path = Cells;
			sourceTree = "<group>";
		};
		1FCA94C52084029600463B8C /* Images */ = {
			isa = PBXGroup;
			children = (
				1F97E1582085B5F300E569B7 /* tab-icons */,
				1FA97F1C20847E540000487A /* group.png */,
				1FCA94C62084029600463B8C /* launchscreen.png */,
			);
			path = Images;
			sourceTree = "<group>";
		};
		1FCA94C82084129C00463B8C /* IO */ = {
			isa = PBXGroup;
			children = (
				1FCA94C92084129C00463B8C /* Network.m */,
				1F8C32222085210100B85024 /* Network.swift */,
				1FCA94CA2084129C00463B8C /* Network.h */,
			);
			path = IO;
			sourceTree = "<group>";
		};
		1FCA94D32084283100463B8C /* Data */ = {
			isa = PBXGroup;
			children = (
				1FCA94D72084291E00463B8C /* Data.swift */,
			);
			path = Data;
			sourceTree = "<group>";
		};
		1FCA94E2208439B700463B8C /* Models */ = {
			isa = PBXGroup;
			children = (
				1FCA94E3208439B700463B8C /* School.swift */,
				1FCA94E4208439B700463B8C /* User.swift */,
				1FCA94E5208439B700463B8C /* Course.swift */,
				1FCA94E6208439B700463B8C /* Group.swift */,
			);
			path = Models;
			sourceTree = "<group>";
		};
		5D08835BC6117E3EE4954D3C /* Frameworks */ = {
			isa = PBXGroup;
			children = (
				1FCA94D12084176300463B8C /* AFNetworking.framework */,
				5C9502936E9F8B5C86575ABC /* Pods_StudyBuddy.framework */,
			);
			name = Frameworks;
			sourceTree = "<group>";
		};
		9487DFDC42ED8E0587DC93A3 /* Pods */ = {
			isa = PBXGroup;
			children = (
				348A2285918B896F5CB94486 /* Pods-StudyBuddy.debug.xcconfig */,
				21325D39BA74263C0F160C0A /* Pods-StudyBuddy.release.xcconfig */,
			);
			name = Pods;
			sourceTree = "<group>";
		};
/* End PBXGroup section */

/* Begin PBXNativeTarget section */
		1F49E9562083CDD5009A6D02 /* StudyBuddy */ = {
			isa = PBXNativeTarget;
			buildConfigurationList = 1F49E97F2083CDD6009A6D02 /* Build configuration list for PBXNativeTarget "StudyBuddy" */;
			buildPhases = (
				46401AAB6455B6E48AD9647D /* [CP] Check Pods Manifest.lock */,
				1F49E9532083CDD5009A6D02 /* Sources */,
				1F49E9542083CDD5009A6D02 /* Frameworks */,
				1F49E9552083CDD5009A6D02 /* Resources */,
				1BEFFD05E57DA81D53F8E711 /* [CP] Embed Pods Frameworks */,
				5E84612920E6D199D9111133 /* [CP] Copy Pods Resources */,
			);
			buildRules = (
			);
			dependencies = (
			);
			name = StudyBuddy;
			productName = StudyBuddy;
			productReference = 1F49E9572083CDD5009A6D02 /* StudyBuddy.app */;
			productType = "com.apple.product-type.application";
		};
		1F49E96A2083CDD6009A6D02 /* StudyBuddyTests */ = {
			isa = PBXNativeTarget;
			buildConfigurationList = 1F49E9822083CDD6009A6D02 /* Build configuration list for PBXNativeTarget "StudyBuddyTests" */;
			buildPhases = (
				1F49E9672083CDD6009A6D02 /* Sources */,
				1F49E9682083CDD6009A6D02 /* Frameworks */,
				1F49E9692083CDD6009A6D02 /* Resources */,
			);
			buildRules = (
			);
			dependencies = (
				1F49E96D2083CDD6009A6D02 /* PBXTargetDependency */,
			);
			name = StudyBuddyTests;
			productName = StudyBuddyTests;
			productReference = 1F49E96B2083CDD6009A6D02 /* StudyBuddyTests.xctest */;
			productType = "com.apple.product-type.bundle.unit-test";
		};
		1F49E9752083CDD6009A6D02 /* StudyBuddyUITests */ = {
			isa = PBXNativeTarget;
			buildConfigurationList = 1F49E9852083CDD6009A6D02 /* Build configuration list for PBXNativeTarget "StudyBuddyUITests" */;
			buildPhases = (
				1F49E9722083CDD6009A6D02 /* Sources */,
				1F49E9732083CDD6009A6D02 /* Frameworks */,
				1F49E9742083CDD6009A6D02 /* Resources */,
			);
			buildRules = (
			);
			dependencies = (
				1F49E9782083CDD6009A6D02 /* PBXTargetDependency */,
			);
			name = StudyBuddyUITests;
			productName = StudyBuddyUITests;
			productReference = 1F49E9762083CDD6009A6D02 /* StudyBuddyUITests.xctest */;
			productType = "com.apple.product-type.bundle.ui-testing";
		};
/* End PBXNativeTarget section */

/* Begin PBXProject section */
		1F49E94F2083CDD5009A6D02 /* Project object */ = {
			isa = PBXProject;
			attributes = {
				LastSwiftUpdateCheck = 0930;
				LastUpgradeCheck = 0930;
				ORGANIZATIONNAME = "StudyBuddies LLC";
				TargetAttributes = {
					1F49E9562083CDD5009A6D02 = {
						CreatedOnToolsVersion = 9.3;
					};
					1F49E96A2083CDD6009A6D02 = {
						CreatedOnToolsVersion = 9.3;
						TestTargetID = 1F49E9562083CDD5009A6D02;
					};
					1F49E9752083CDD6009A6D02 = {
						CreatedOnToolsVersion = 9.3;
						TestTargetID = 1F49E9562083CDD5009A6D02;
					};
				};
			};
			buildConfigurationList = 1F49E9522083CDD5009A6D02 /* Build configuration list for PBXProject "StudyBuddy" */;
			compatibilityVersion = "Xcode 9.3";
			developmentRegion = en;
			hasScannedForEncodings = 0;
			knownRegions = (
				en,
				Base,
			);
			mainGroup = 1F49E94E2083CDD5009A6D02;
			productRefGroup = 1F49E9582083CDD5009A6D02 /* Products */;
			projectDirPath = "";
			projectRoot = "";
			targets = (
				1F49E9562083CDD5009A6D02 /* StudyBuddy */,
				1F49E96A2083CDD6009A6D02 /* StudyBuddyTests */,
				1F49E9752083CDD6009A6D02 /* StudyBuddyUITests */,
			);
		};
/* End PBXProject section */

/* Begin PBXResourcesBuildPhase section */
		1F49E9552083CDD5009A6D02 /* Resources */ = {
			isa = PBXResourcesBuildPhase;
			buildActionMask = 2147483647;
			files = (
				1F97E1622085B5F400E569B7 /* classes.png in Resources */,
				1F97E1612085B5F400E569B7 /* map.png in Resources */,
				1F49E9652083CDD6009A6D02 /* LaunchScreen.storyboard in Resources */,
				1F97E1602085B5F400E569B7 /* group.png in Resources */,
				1F97E15F2085B5F400E569B7 /* settings.png in Resources */,
				1F49E9622083CDD6009A6D02 /* Assets.xcassets in Resources */,
				1FCA94C72084029700463B8C /* launchscreen.png in Resources */,
				1F97E15E2085B5F400E569B7 /* group.jpg in Resources */,
				1FA97F1D20847E550000487A /* group.png in Resources */,
				1F49E9602083CDD5009A6D02 /* Main.storyboard in Resources */,
			);
			runOnlyForDeploymentPostprocessing = 0;
		};
		1F49E9692083CDD6009A6D02 /* Resources */ = {
			isa = PBXResourcesBuildPhase;
			buildActionMask = 2147483647;
			files = (
			);
			runOnlyForDeploymentPostprocessing = 0;
		};
		1F49E9742083CDD6009A6D02 /* Resources */ = {
			isa = PBXResourcesBuildPhase;
			buildActionMask = 2147483647;
			files = (
			);
			runOnlyForDeploymentPostprocessing = 0;
		};
/* End PBXResourcesBuildPhase section */

/* Begin PBXShellScriptBuildPhase section */
		1BEFFD05E57DA81D53F8E711 /* [CP] Embed Pods Frameworks */ = {
			isa = PBXShellScriptBuildPhase;
			buildActionMask = 2147483647;
			files = (
			);
			inputPaths = (
				"${SRCROOT}/Pods/Target Support Files/Pods-StudyBuddy/Pods-StudyBuddy-frameworks.sh",
				"${BUILT_PRODUCTS_DIR}/AFNetworking/AFNetworking.framework",
				"${BUILT_PRODUCTS_DIR}/Alamofire/Alamofire.framework",
			);
			name = "[CP] Embed Pods Frameworks";
			outputPaths = (
				"${TARGET_BUILD_DIR}/${FRAMEWORKS_FOLDER_PATH}/AFNetworking.framework",
				"${TARGET_BUILD_DIR}/${FRAMEWORKS_FOLDER_PATH}/Alamofire.framework",
			);
			runOnlyForDeploymentPostprocessing = 0;
			shellPath = /bin/sh;
			shellScript = "\"${SRCROOT}/Pods/Target Support Files/Pods-StudyBuddy/Pods-StudyBuddy-frameworks.sh\"\n";
			showEnvVarsInLog = 0;
		};
		46401AAB6455B6E48AD9647D /* [CP] Check Pods Manifest.lock */ = {
			isa = PBXShellScriptBuildPhase;
			buildActionMask = 2147483647;
			files = (
			);
			inputPaths = (
				"${PODS_PODFILE_DIR_PATH}/Podfile.lock",
				"${PODS_ROOT}/Manifest.lock",
			);
			name = "[CP] Check Pods Manifest.lock";
			outputPaths = (
				"$(DERIVED_FILE_DIR)/Pods-StudyBuddy-checkManifestLockResult.txt",
			);
			runOnlyForDeploymentPostprocessing = 0;
			shellPath = /bin/sh;
			shellScript = "diff \"${PODS_PODFILE_DIR_PATH}/Podfile.lock\" \"${PODS_ROOT}/Manifest.lock\" > /dev/null\nif [ $? != 0 ] ; then\n    # print error to STDERR\n    echo \"error: The sandbox is not in sync with the Podfile.lock. Run 'pod install' or update your CocoaPods installation.\" >&2\n    exit 1\nfi\n# This output is used by Xcode 'outputs' to avoid re-running this script phase.\necho \"SUCCESS\" > \"${SCRIPT_OUTPUT_FILE_0}\"\n";
			showEnvVarsInLog = 0;
		};
		5E84612920E6D199D9111133 /* [CP] Copy Pods Resources */ = {
			isa = PBXShellScriptBuildPhase;
			buildActionMask = 2147483647;
			files = (
			);
			inputPaths = (
				"${SRCROOT}/Pods/Target Support Files/Pods-StudyBuddy/Pods-StudyBuddy-resources.sh",
				"${PODS_ROOT}/GoogleMaps/Maps/Frameworks/GoogleMaps.framework/Resources/GoogleMaps.bundle",
			);
			name = "[CP] Copy Pods Resources";
			outputPaths = (
				"${TARGET_BUILD_DIR}/${UNLOCALIZED_RESOURCES_FOLDER_PATH}/GoogleMaps.bundle",
			);
			runOnlyForDeploymentPostprocessing = 0;
			shellPath = /bin/sh;
			shellScript = "\"${SRCROOT}/Pods/Target Support Files/Pods-StudyBuddy/Pods-StudyBuddy-resources.sh\"\n";
			showEnvVarsInLog = 0;
		};
/* End PBXShellScriptBuildPhase section */

/* Begin PBXSourcesBuildPhase section */
		1F49E9532083CDD5009A6D02 /* Sources */ = {
			isa = PBXSourcesBuildPhase;
			buildActionMask = 2147483647;
			files = (
				1FCA94EA208439B700463B8C /* Group.swift in Sources */,
				1FA97F1220843E750000487A /* PasswordResetViewController.swift in Sources */,
				1F8C322B208575D400B85024 /* StudyDescriptionTableViewCell.swift in Sources */,
				1F8C32232085210100B85024 /* Network.swift in Sources */,
				1F7B26182085A09F0074417B /* CreateGroupSecondVCTableViewController.swift in Sources */,
				1FA97F1620843F480000487A /* CreateGroupThirdViewController.swift in Sources */,
				1FA97F0620843E330000487A /* CreateUserViewController.swift in Sources */,
				1F97E1572085A95600E569B7 /* CreateGroupThirdVCTableViewController.swift in Sources */,
				1FCA94D82084291E00463B8C /* Data.swift in Sources */,
				1F8C322D208575EB00B85024 /* MapSelectionTableViewCell.swift in Sources */,
				1F8C3227208575A100B85024 /* DurationSelectionTableViewCell.swift in Sources */,
				1FCA94E9208439B700463B8C /* Course.swift in Sources */,
				1FA97F2120849A3D0000487A /* ClassSearchTableViewController.swift in Sources */,
				1FCA94CB2084129C00463B8C /* Network.m in Sources */,
				1FA97F0520843E330000487A /* MapViewController.swift in Sources */,
				1FCA94E8208439B700463B8C /* User.swift in Sources */,
				1F8C3229208575B900B85024 /* CategorySelectionTableViewCell.swift in Sources */,
				1FA97F0E20843E4F0000487A /* CreateGroupFirstViewController.swift in Sources */,
				1F49E95B2083CDD5009A6D02 /* AppDelegate.swift in Sources */,
				1F8C32252085758300B85024 /* ClassSelectionTableViewCell.swift in Sources */,
				1FA97F1B20847DF90000487A /* ClassTableViewCell.swift in Sources */,
				1F8C322F2085760A00B85024 /* LocationDescriptionTableViewCell.swift in Sources */,
				1FA97F1420843E890000487A /* ClassDetailViewController.swift in Sources */,
				1FA97F1F208491AD0000487A /* InitialViewController.swift in Sources */,
				1F8C3231208577CF00B85024 /* ChangeNameViewController.swift in Sources */,
				1FA97F0420843E330000487A /* ViewController.swift in Sources */,
				1FA97F0C20843E470000487A /* GroupViewController.swift in Sources */,
				1FA97F0A20843E330000487A /* SettingsViewController.swift in Sources */,
				1FA97F1020843E580000487A /* CreateGroupSecondViewController.swift in Sources */,
				1FA97F0820843E330000487A /* ClassListViewController.swift in Sources */,
				1FCA94E7208439B700463B8C /* School.swift in Sources */,
				1FA97F0920843E330000487A /* GroupPageViewController.swift in Sources */,
				1FA97F0720843E330000487A /* LoginViewController.swift in Sources */,
			);
			runOnlyForDeploymentPostprocessing = 0;
		};
		1F49E9672083CDD6009A6D02 /* Sources */ = {
			isa = PBXSourcesBuildPhase;
			buildActionMask = 2147483647;
			files = (
				1F49E9702083CDD6009A6D02 /* StudyBuddyTests.swift in Sources */,
			);
			runOnlyForDeploymentPostprocessing = 0;
		};
		1F49E9722083CDD6009A6D02 /* Sources */ = {
			isa = PBXSourcesBuildPhase;
			buildActionMask = 2147483647;
			files = (
				1F49E97B2083CDD6009A6D02 /* StudyBuddyUITests.swift in Sources */,
			);
			runOnlyForDeploymentPostprocessing = 0;
		};
/* End PBXSourcesBuildPhase section */

/* Begin PBXTargetDependency section */
		1F49E96D2083CDD6009A6D02 /* PBXTargetDependency */ = {
			isa = PBXTargetDependency;
			target = 1F49E9562083CDD5009A6D02 /* StudyBuddy */;
			targetProxy = 1F49E96C2083CDD6009A6D02 /* PBXContainerItemProxy */;
		};
		1F49E9782083CDD6009A6D02 /* PBXTargetDependency */ = {
			isa = PBXTargetDependency;
			target = 1F49E9562083CDD5009A6D02 /* StudyBuddy */;
			targetProxy = 1F49E9772083CDD6009A6D02 /* PBXContainerItemProxy */;
		};
/* End PBXTargetDependency section */

/* Begin PBXVariantGroup section */
		1F49E95E2083CDD5009A6D02 /* Main.storyboard */ = {
			isa = PBXVariantGroup;
			children = (
				1F49E95F2083CDD5009A6D02 /* Base */,
			);
			name = Main.storyboard;
			sourceTree = "<group>";
		};
		1F49E9632083CDD6009A6D02 /* LaunchScreen.storyboard */ = {
			isa = PBXVariantGroup;
			children = (
				1F49E9642083CDD6009A6D02 /* Base */,
			);
			name = LaunchScreen.storyboard;
			sourceTree = "<group>";
		};
/* End PBXVariantGroup section */

/* Begin XCBuildConfiguration section */
		1F49E97D2083CDD6009A6D02 /* Debug */ = {
			isa = XCBuildConfiguration;
			buildSettings = {
				ALWAYS_SEARCH_USER_PATHS = NO;
				CLANG_ANALYZER_NONNULL = YES;
				CLANG_ANALYZER_NUMBER_OBJECT_CONVERSION = YES_AGGRESSIVE;
				CLANG_CXX_LANGUAGE_STANDARD = "gnu++14";
				CLANG_CXX_LIBRARY = "libc++";
				CLANG_ENABLE_MODULES = YES;
				CLANG_ENABLE_OBJC_ARC = YES;
				CLANG_ENABLE_OBJC_WEAK = YES;
				CLANG_WARN_BLOCK_CAPTURE_AUTORELEASING = YES;
				CLANG_WARN_BOOL_CONVERSION = YES;
				CLANG_WARN_COMMA = YES;
				CLANG_WARN_CONSTANT_CONVERSION = YES;
				CLANG_WARN_DEPRECATED_OBJC_IMPLEMENTATIONS = YES;
				CLANG_WARN_DIRECT_OBJC_ISA_USAGE = YES_ERROR;
				CLANG_WARN_DOCUMENTATION_COMMENTS = YES;
				CLANG_WARN_EMPTY_BODY = YES;
				CLANG_WARN_ENUM_CONVERSION = YES;
				CLANG_WARN_INFINITE_RECURSION = YES;
				CLANG_WARN_INT_CONVERSION = YES;
				CLANG_WARN_NON_LITERAL_NULL_CONVERSION = YES;
				CLANG_WARN_OBJC_IMPLICIT_RETAIN_SELF = YES;
				CLANG_WARN_OBJC_LITERAL_CONVERSION = YES;
				CLANG_WARN_OBJC_ROOT_CLASS = YES_ERROR;
				CLANG_WARN_RANGE_LOOP_ANALYSIS = YES;
				CLANG_WARN_STRICT_PROTOTYPES = YES;
				CLANG_WARN_SUSPICIOUS_MOVE = YES;
				CLANG_WARN_UNGUARDED_AVAILABILITY = YES_AGGRESSIVE;
				CLANG_WARN_UNREACHABLE_CODE = YES;
				CLANG_WARN__DUPLICATE_METHOD_MATCH = YES;
				CODE_SIGN_IDENTITY = "iPhone Developer";
				COPY_PHASE_STRIP = NO;
				DEBUG_INFORMATION_FORMAT = dwarf;
				ENABLE_STRICT_OBJC_MSGSEND = YES;
				ENABLE_TESTABILITY = YES;
				GCC_C_LANGUAGE_STANDARD = gnu11;
				GCC_DYNAMIC_NO_PIC = NO;
				GCC_NO_COMMON_BLOCKS = YES;
				GCC_OPTIMIZATION_LEVEL = 0;
				GCC_PREPROCESSOR_DEFINITIONS = (
					"DEBUG=1",
					"$(inherited)",
				);
				GCC_WARN_64_TO_32_BIT_CONVERSION = YES;
				GCC_WARN_ABOUT_RETURN_TYPE = YES_ERROR;
				GCC_WARN_UNDECLARED_SELECTOR = YES;
				GCC_WARN_UNINITIALIZED_AUTOS = YES_AGGRESSIVE;
				GCC_WARN_UNUSED_FUNCTION = YES;
				GCC_WARN_UNUSED_VARIABLE = YES;
				IPHONEOS_DEPLOYMENT_TARGET = 11.3;
				MTL_ENABLE_DEBUG_INFO = YES;
				ONLY_ACTIVE_ARCH = YES;
				SDKROOT = iphoneos;
				SWIFT_ACTIVE_COMPILATION_CONDITIONS = DEBUG;
				SWIFT_OPTIMIZATION_LEVEL = "-Onone";
			};
			name = Debug;
		};
		1F49E97E2083CDD6009A6D02 /* Release */ = {
			isa = XCBuildConfiguration;
			buildSettings = {
				ALWAYS_SEARCH_USER_PATHS = NO;
				CLANG_ANALYZER_NONNULL = YES;
				CLANG_ANALYZER_NUMBER_OBJECT_CONVERSION = YES_AGGRESSIVE;
				CLANG_CXX_LANGUAGE_STANDARD = "gnu++14";
				CLANG_CXX_LIBRARY = "libc++";
				CLANG_ENABLE_MODULES = YES;
				CLANG_ENABLE_OBJC_ARC = YES;
				CLANG_ENABLE_OBJC_WEAK = YES;
				CLANG_WARN_BLOCK_CAPTURE_AUTORELEASING = YES;
				CLANG_WARN_BOOL_CONVERSION = YES;
				CLANG_WARN_COMMA = YES;
				CLANG_WARN_CONSTANT_CONVERSION = YES;
				CLANG_WARN_DEPRECATED_OBJC_IMPLEMENTATIONS = YES;
				CLANG_WARN_DIRECT_OBJC_ISA_USAGE = YES_ERROR;
				CLANG_WARN_DOCUMENTATION_COMMENTS = YES;
				CLANG_WARN_EMPTY_BODY = YES;
				CLANG_WARN_ENUM_CONVERSION = YES;
				CLANG_WARN_INFINITE_RECURSION = YES;
				CLANG_WARN_INT_CONVERSION = YES;
				CLANG_WARN_NON_LITERAL_NULL_CONVERSION = YES;
				CLANG_WARN_OBJC_IMPLICIT_RETAIN_SELF = YES;
				CLANG_WARN_OBJC_LITERAL_CONVERSION = YES;
				CLANG_WARN_OBJC_ROOT_CLASS = YES_ERROR;
				CLANG_WARN_RANGE_LOOP_ANALYSIS = YES;
				CLANG_WARN_STRICT_PROTOTYPES = YES;
				CLANG_WARN_SUSPICIOUS_MOVE = YES;
				CLANG_WARN_UNGUARDED_AVAILABILITY = YES_AGGRESSIVE;
				CLANG_WARN_UNREACHABLE_CODE = YES;
				CLANG_WARN__DUPLICATE_METHOD_MATCH = YES;
				CODE_SIGN_IDENTITY = "iPhone Developer";
				COPY_PHASE_STRIP = NO;
				DEBUG_INFORMATION_FORMAT = "dwarf-with-dsym";
				ENABLE_NS_ASSERTIONS = NO;
				ENABLE_STRICT_OBJC_MSGSEND = YES;
				GCC_C_LANGUAGE_STANDARD = gnu11;
				GCC_NO_COMMON_BLOCKS = YES;
				GCC_WARN_64_TO_32_BIT_CONVERSION = YES;
				GCC_WARN_ABOUT_RETURN_TYPE = YES_ERROR;
				GCC_WARN_UNDECLARED_SELECTOR = YES;
				GCC_WARN_UNINITIALIZED_AUTOS = YES_AGGRESSIVE;
				GCC_WARN_UNUSED_FUNCTION = YES;
				GCC_WARN_UNUSED_VARIABLE = YES;
				IPHONEOS_DEPLOYMENT_TARGET = 11.3;
				MTL_ENABLE_DEBUG_INFO = NO;
				SDKROOT = iphoneos;
				SWIFT_COMPILATION_MODE = wholemodule;
				SWIFT_OPTIMIZATION_LEVEL = "-O";
				VALIDATE_PRODUCT = YES;
			};
			name = Release;
		};
		1F49E9802083CDD6009A6D02 /* Debug */ = {
			isa = XCBuildConfiguration;
			baseConfigurationReference = 348A2285918B896F5CB94486 /* Pods-StudyBuddy.debug.xcconfig */;
			buildSettings = {
				ASSETCATALOG_COMPILER_APPICON_NAME = AppIcon;
				CODE_SIGN_STYLE = Automatic;
				DEVELOPMENT_TEAM = 485F2J949F;
				INFOPLIST_FILE = StudyBuddy/Info.plist;
				LD_RUNPATH_SEARCH_PATHS = (
					"$(inherited)",
					"@executable_path/Frameworks",
				);
				PRODUCT_BUNDLE_IDENTIFIER = AAMCK.StudyBuddy;
				PRODUCT_NAME = "$(TARGET_NAME)";
				SWIFT_OBJC_BRIDGING_HEADER = "StudyBuddy/StudyBuddy-Bridging-Header.h";
				SWIFT_VERSION = 4.0;
				TARGETED_DEVICE_FAMILY = "1,2";
			};
			name = Debug;
		};
		1F49E9812083CDD6009A6D02 /* Release */ = {
			isa = XCBuildConfiguration;
			baseConfigurationReference = 21325D39BA74263C0F160C0A /* Pods-StudyBuddy.release.xcconfig */;
			buildSettings = {
				ASSETCATALOG_COMPILER_APPICON_NAME = AppIcon;
				CODE_SIGN_STYLE = Automatic;
				DEVELOPMENT_TEAM = 485F2J949F;
				INFOPLIST_FILE = StudyBuddy/Info.plist;
				LD_RUNPATH_SEARCH_PATHS = (
					"$(inherited)",
					"@executable_path/Frameworks",
				);
				PRODUCT_BUNDLE_IDENTIFIER = AAMCK.StudyBuddy;
				PRODUCT_NAME = "$(TARGET_NAME)";
				SWIFT_OBJC_BRIDGING_HEADER = "StudyBuddy/StudyBuddy-Bridging-Header.h";
				SWIFT_VERSION = 4.0;
				TARGETED_DEVICE_FAMILY = "1,2";
			};
			name = Release;
		};
		1F49E9832083CDD6009A6D02 /* Debug */ = {
			isa = XCBuildConfiguration;
			buildSettings = {
				ALWAYS_EMBED_SWIFT_STANDARD_LIBRARIES = YES;
				BUNDLE_LOADER = "$(TEST_HOST)";
				CODE_SIGN_STYLE = Automatic;
				DEVELOPMENT_TEAM = 485F2J949F;
				INFOPLIST_FILE = StudyBuddyTests/Info.plist;
				LD_RUNPATH_SEARCH_PATHS = (
					"$(inherited)",
					"@executable_path/Frameworks",
					"@loader_path/Frameworks",
				);
				PRODUCT_BUNDLE_IDENTIFIER = AAMCK.StudyBuddyTests;
				PRODUCT_NAME = "$(TARGET_NAME)";
				SWIFT_VERSION = 4.0;
				TARGETED_DEVICE_FAMILY = "1,2";
				TEST_HOST = "$(BUILT_PRODUCTS_DIR)/StudyBuddy.app/StudyBuddy";
			};
			name = Debug;
		};
		1F49E9842083CDD6009A6D02 /* Release */ = {
			isa = XCBuildConfiguration;
			buildSettings = {
				ALWAYS_EMBED_SWIFT_STANDARD_LIBRARIES = YES;
				BUNDLE_LOADER = "$(TEST_HOST)";
				CODE_SIGN_STYLE = Automatic;
				DEVELOPMENT_TEAM = 485F2J949F;
				INFOPLIST_FILE = StudyBuddyTests/Info.plist;
				LD_RUNPATH_SEARCH_PATHS = (
					"$(inherited)",
					"@executable_path/Frameworks",
					"@loader_path/Frameworks",
				);
				PRODUCT_BUNDLE_IDENTIFIER = AAMCK.StudyBuddyTests;
				PRODUCT_NAME = "$(TARGET_NAME)";
				SWIFT_VERSION = 4.0;
				TARGETED_DEVICE_FAMILY = "1,2";
				TEST_HOST = "$(BUILT_PRODUCTS_DIR)/StudyBuddy.app/StudyBuddy";
			};
			name = Release;
		};
		1F49E9862083CDD6009A6D02 /* Debug */ = {
			isa = XCBuildConfiguration;
			buildSettings = {
				ALWAYS_EMBED_SWIFT_STANDARD_LIBRARIES = YES;
				CODE_SIGN_STYLE = Automatic;
				DEVELOPMENT_TEAM = 485F2J949F;
				INFOPLIST_FILE = StudyBuddyUITests/Info.plist;
				LD_RUNPATH_SEARCH_PATHS = (
					"$(inherited)",
					"@executable_path/Frameworks",
					"@loader_path/Frameworks",
				);
				PRODUCT_BUNDLE_IDENTIFIER = AAMCK.StudyBuddyUITests;
				PRODUCT_NAME = "$(TARGET_NAME)";
				SWIFT_VERSION = 4.0;
				TARGETED_DEVICE_FAMILY = "1,2";
				TEST_TARGET_NAME = StudyBuddy;
			};
			name = Debug;
		};
		1F49E9872083CDD6009A6D02 /* Release */ = {
			isa = XCBuildConfiguration;
			buildSettings = {
				ALWAYS_EMBED_SWIFT_STANDARD_LIBRARIES = YES;
				CODE_SIGN_STYLE = Automatic;
				DEVELOPMENT_TEAM = 485F2J949F;
				INFOPLIST_FILE = StudyBuddyUITests/Info.plist;
				LD_RUNPATH_SEARCH_PATHS = (
					"$(inherited)",
					"@executable_path/Frameworks",
					"@loader_path/Frameworks",
				);
				PRODUCT_BUNDLE_IDENTIFIER = AAMCK.StudyBuddyUITests;
				PRODUCT_NAME = "$(TARGET_NAME)";
				SWIFT_VERSION = 4.0;
				TARGETED_DEVICE_FAMILY = "1,2";
				TEST_TARGET_NAME = StudyBuddy;
			};
			name = Release;
		};
/* End XCBuildConfiguration section */

/* Begin XCConfigurationList section */
		1F49E9522083CDD5009A6D02 /* Build configuration list for PBXProject "StudyBuddy" */ = {
			isa = XCConfigurationList;
			buildConfigurations = (
				1F49E97D2083CDD6009A6D02 /* Debug */,
				1F49E97E2083CDD6009A6D02 /* Release */,
			);
			defaultConfigurationIsVisible = 0;
			defaultConfigurationName = Release;
		};
		1F49E97F2083CDD6009A6D02 /* Build configuration list for PBXNativeTarget "StudyBuddy" */ = {
			isa = XCConfigurationList;
			buildConfigurations = (
				1F49E9802083CDD6009A6D02 /* Debug */,
				1F49E9812083CDD6009A6D02 /* Release */,
			);
			defaultConfigurationIsVisible = 0;
			defaultConfigurationName = Release;
		};
		1F49E9822083CDD6009A6D02 /* Build configuration list for PBXNativeTarget "StudyBuddyTests" */ = {
			isa = XCConfigurationList;
			buildConfigurations = (
				1F49E9832083CDD6009A6D02 /* Debug */,
				1F49E9842083CDD6009A6D02 /* Release */,
			);
			defaultConfigurationIsVisible = 0;
			defaultConfigurationName = Release;
		};
		1F49E9852083CDD6009A6D02 /* Build configuration list for PBXNativeTarget "StudyBuddyUITests" */ = {
			isa = XCConfigurationList;
			buildConfigurations = (
				1F49E9862083CDD6009A6D02 /* Debug */,
				1F49E9872083CDD6009A6D02 /* Release */,
			);
			defaultConfigurationIsVisible = 0;
			defaultConfigurationName = Release;
		};
/* End XCConfigurationList section */
	};
	rootObject = 1F49E94F2083CDD5009A6D02 /* Project object */;
}
